
Microsoft Visual Studio Solution File, Format Version 12.00
# Visual Studio Version 17
VisualStudioVersion = 17.14.36327.8 d17.14
MinimumVisualStudioVersion = 10.0.40219.1
Project("{FAE04EC0-301F-11D3-BF4B-00C04F79EFBC}") = "Avance", "Avance.csproj", "{8589C0E4-EE1E-48D0-9798-B1AC16C27F4B}"
EndProject
Global
	GlobalSection(SolutionConfigurationPlatforms) = preSolution
		Debug|Any CPU = Debug|Any CPU
		Release|Any CPU = Release|Any CPU
	EndGlobalSection
	GlobalSection(ProjectConfigurationPlatforms) = postSolution
		{8589C0E4-EE1E-48D0-9798-B1AC16C27F4B}.Debug|Any CPU.ActiveCfg = Debug|Any CPU
		{8589C0E4-EE1E-48D0-9798-B1AC16C27F4B}.Debug|Any CPU.Build.0 = Debug|Any CPU
		{8589C0E4-EE1E-48D0-9798-B1AC16C27F4B}.Release|Any CPU.ActiveCfg = Release|Any CPU
		{8589C0E4-EE1E-48D0-9798-B1AC16C27F4B}.Release|Any CPU.Build.0 = Release|Any CPU
	EndGlobalSection
	GlobalSection(SolutionProperties) = preSolution
		HideSolutionNode = FALSE
	EndGlobalSection
	GlobalSection(ExtensibilityGlobals) = postSolution
		SolutionGuid = {6FE25B39-7C21-48DC-9D5B-7C5F2974A000}
	EndGlobalSection
EndGlobal
